// !$*UTF8*$!
{
	archiveVersion = 1;
	classes = {
	};
	objectVersion = 56;
	objects = {

/* Begin PBXBuildFile section */
		937291542B7F40DB001C2507 /* AppDelegate.swift in Sources */ = {isa = PBXBuildFile; fileRef = 937291532B7F40DB001C2507 /* AppDelegate.swift */; };
		937291562B7F40DB001C2507 /* SceneDelegate.swift in Sources */ = {isa = PBXBuildFile; fileRef = 937291552B7F40DB001C2507 /* SceneDelegate.swift */; };
		937291582B7F40DB001C2507 /* DogListViewController.swift in Sources */ = {isa = PBXBuildFile; fileRef = 937291572B7F40DB001C2507 /* DogListViewController.swift */; };
		9372915B2B7F40DB001C2507 /* Main.storyboard in Resources */ = {isa = PBXBuildFile; fileRef = 937291592B7F40DB001C2507 /* Main.storyboard */; };
		9372915D2B7F40DC001C2507 /* Assets.xcassets in Resources */ = {isa = PBXBuildFile; fileRef = 9372915C2B7F40DC001C2507 /* Assets.xcassets */; };
		937291602B7F40DC001C2507 /* LaunchScreen.storyboard in Resources */ = {isa = PBXBuildFile; fileRef = 9372915E2B7F40DC001C2507 /* LaunchScreen.storyboard */; };
		937291692B7F4124001C2507 /* AlamofireImage in Frameworks */ = {isa = PBXBuildFile; productRef = 937291682B7F4124001C2507 /* AlamofireImage */; };
		9372916F2B7F447A001C2507 /* DogListModel.swift in Sources */ = {isa = PBXBuildFile; fileRef = 9372916E2B7F447A001C2507 /* DogListModel.swift */; };
		93782C2F2B832827003B41F0 /* DogPhotoViewController.swift in Sources */ = {isa = PBXBuildFile; fileRef = 93782C2E2B832826003B41F0 /* DogPhotoViewController.swift */; };
		93782C312B832865003B41F0 /* CollectionViewCell.swift in Sources */ = {isa = PBXBuildFile; fileRef = 93782C302B832865003B41F0 /* CollectionViewCell.swift */; };
		93CA8FBE2B873EF700256FEE /* WebViewController.swift in Sources */ = {isa = PBXBuildFile; fileRef = 93CA8FBD2B873EF700256FEE /* WebViewController.swift */; };
		93D8D3092B85C16900A218B0 /* DogDetailViewController.swift in Sources */ = {isa = PBXBuildFile; fileRef = 93D8D3082B85C16900A218B0 /* DogDetailViewController.swift */; };
/* End PBXBuildFile section */

/* Begin PBXFileReference section */
		937291502B7F40DB001C2507 /* Dog.app */ = {isa = PBXFileReference; explicitFileType = wrapper.application; includeInIndex = 0; path = Dog.app; sourceTree = BUILT_PRODUCTS_DIR; };
		937291532B7F40DB001C2507 /* AppDelegate.swift */ = {isa = PBXFileReference; lastKnownFileType = sourcecode.swift; path = AppDelegate.swift; sourceTree = "<group>"; };
		937291552B7F40DB001C2507 /* SceneDelegate.swift */ = {isa = PBXFileReference; lastKnownFileType = sourcecode.swift; path = SceneDelegate.swift; sourceTree = "<group>"; };
		937291572B7F40DB001C2507 /* DogListViewController.swift */ = {isa = PBXFileReference; lastKnownFileType = sourcecode.swift; path = DogListViewController.swift; sourceTree = "<group>"; };
		9372915A2B7F40DB001C2507 /* Base */ = {isa = PBXFileReference; lastKnownFileType = file.storyboard; name = Base; path = Base.lproj/Main.storyboard; sourceTree = "<group>"; };
		9372915C2B7F40DC001C2507 /* Assets.xcassets */ = {isa = PBXFileReference; lastKnownFileType = folder.assetcatalog; path = Assets.xcassets; sourceTree = "<group>"; };
		9372915F2B7F40DC001C2507 /* Base */ = {isa = PBXFileReference; lastKnownFileType = file.storyboard; name = Base; path = Base.lproj/LaunchScreen.storyboard; sourceTree = "<group>"; };
		937291612B7F40DC001C2507 /* Info.plist */ = {isa = PBXFileReference; lastKnownFileType = text.plist.xml; path = Info.plist; sourceTree = "<group>"; };
		9372916E2B7F447A001C2507 /* DogListModel.swift */ = {isa = PBXFileReference; lastKnownFileType = sourcecode.swift; path = DogListModel.swift; sourceTree = "<group>"; };
		93782C2E2B832826003B41F0 /* DogPhotoViewController.swift */ = {isa = PBXFileReference; lastKnownFileType = sourcecode.swift; path = DogPhotoViewController.swift; sourceTree = "<group>"; };
		93782C302B832865003B41F0 /* CollectionViewCell.swift */ = {isa = PBXFileReference; lastKnownFileType = sourcecode.swift; path = CollectionViewCell.swift; sourceTree = "<group>"; };
		93CA8FBD2B873EF700256FEE /* WebViewController.swift */ = {isa = PBXFileReference; lastKnownFileType = sourcecode.swift; path = WebViewController.swift; sourceTree = "<group>"; };
		93D8D3082B85C16900A218B0 /* DogDetailViewController.swift */ = {isa = PBXFileReference; lastKnownFileType = sourcecode.swift; path = DogDetailViewController.swift; sourceTree = "<group>"; };
/* End PBXFileReference section */

/* Begin PBXFrameworksBuildPhase section */
		9372914D2B7F40DB001C2507 /* Frameworks */ = {
			isa = PBXFrameworksBuildPhase;
			buildActionMask = 2147483647;
			files = (
				937291692B7F4124001C2507 /* AlamofireImage in Frameworks */,
			);
			runOnlyForDeploymentPostprocessing = 0;
		};
/* End PBXFrameworksBuildPhase section */

/* Begin PBXGroup section */
		937291472B7F40DB001C2507 = {
			isa = PBXGroup;
			children = (
				937291522B7F40DB001C2507 /* Dog */,
				9372916A2B7F43AE001C2507 /* View */,
				9372916B2B7F43B9001C2507 /* Model */,
				937291512B7F40DB001C2507 /* Products */,
			);
			sourceTree = "<group>";
		};
		937291512B7F40DB001C2507 /* Products */ = {
			isa = PBXGroup;
			children = (
				937291502B7F40DB001C2507 /* Dog.app */,
			);
			name = Products;
			sourceTree = "<group>";
		};
		937291522B7F40DB001C2507 /* Dog */ = {
			isa = PBXGroup;
			children = (
				937291532B7F40DB001C2507 /* AppDelegate.swift */,
				937291552B7F40DB001C2507 /* SceneDelegate.swift */,
				937291592B7F40DB001C2507 /* Main.storyboard */,
				9372915C2B7F40DC001C2507 /* Assets.xcassets */,
				9372915E2B7F40DC001C2507 /* LaunchScreen.storyboard */,
				937291612B7F40DC001C2507 /* Info.plist */,
			);
			path = Dog;
			sourceTree = "<group>";
		};
		9372916A2B7F43AE001C2507 /* View */ = {
			isa = PBXGroup;
			children = (
				937291572B7F40DB001C2507 /* DogListViewController.swift */,
				93782C2E2B832826003B41F0 /* DogPhotoViewController.swift */,
				93782C302B832865003B41F0 /* CollectionViewCell.swift */,
				93D8D3082B85C16900A218B0 /* DogDetailViewController.swift */,
				93CA8FBD2B873EF700256FEE /* WebViewController.swift */,
			);
			path = View;
			sourceTree = "<group>";
		};
		9372916B2B7F43B9001C2507 /* Model */ = {
			isa = PBXGroup;
			children = (
				9372916E2B7F447A001C2507 /* DogListModel.swift */,
			);
			path = Model;
			sourceTree = "<group>";
		};
/* End PBXGroup section */

/* Begin PBXNativeTarget section */
		9372914F2B7F40DB001C2507 /* Dog */ = {
			isa = PBXNativeTarget;
			buildConfigurationList = 937291642B7F40DC001C2507 /* Build configuration list for PBXNativeTarget "Dog" */;
			buildPhases = (
				9372914C2B7F40DB001C2507 /* Sources */,
				9372914D2B7F40DB001C2507 /* Frameworks */,
				9372914E2B7F40DB001C2507 /* Resources */,
			);
			buildRules = (
			);
			dependencies = (
			);
			name = Dog;
			packageProductDependencies = (
				937291682B7F4124001C2507 /* AlamofireImage */,
			);
			productName = Dog;
			productReference = 937291502B7F40DB001C2507 /* Dog.app */;
			productType = "com.apple.product-type.application";
		};
/* End PBXNativeTarget section */

/* Begin PBXProject section */
		937291482B7F40DB001C2507 /* Project object */ = {
			isa = PBXProject;
			attributes = {
				BuildIndependentTargetsInParallel = 1;
				LastSwiftUpdateCheck = 1430;
				LastUpgradeCheck = 1430;
				TargetAttributes = {
					9372914F2B7F40DB001C2507 = {
						CreatedOnToolsVersion = 14.3.1;
					};
				};
			};
			buildConfigurationList = 9372914B2B7F40DB001C2507 /* Build configuration list for PBXProject "Dog" */;
			compatibilityVersion = "Xcode 14.0";
			developmentRegion = en;
			hasScannedForEncodings = 0;
			knownRegions = (
				en,
				Base,
			);
			mainGroup = 937291472B7F40DB001C2507;
			packageReferences = (
				937291672B7F4124001C2507 /* XCRemoteSwiftPackageReference "AlamofireImage" */,
			);
			productRefGroup = 937291512B7F40DB001C2507 /* Products */;
			projectDirPath = "";
			projectRoot = "";
			targets = (
				9372914F2B7F40DB001C2507 /* Dog */,
			);
		};
/* End PBXProject section */

/* Begin PBXResourcesBuildPhase section */
		9372914E2B7F40DB001C2507 /* Resources */ = {
			isa = PBXResourcesBuildPhase;
			buildActionMask = 2147483647;
			files = (
				937291602B7F40DC001C2507 /* LaunchScreen.storyboard in Resources */,
				9372915D2B7F40DC001C2507 /* Assets.xcassets in Resources */,
				9372915B2B7F40DB001C2507 /* Main.storyboard in Resources */,
			);
			runOnlyForDeploymentPostprocessing = 0;
		};
/* End PBXResourcesBuildPhase section */

/* Begin PBXSourcesBuildPhase section */
		9372914C2B7F40DB001C2507 /* Sources */ = {
			isa = PBXSourcesBuildPhase;
			buildActionMask = 2147483647;
			files = (
				93D8D3092B85C16900A218B0 /* DogDetailViewController.swift in Sources */,
				93782C2F2B832827003B41F0 /* DogPhotoViewController.swift in Sources */,
				9372916F2B7F447A001C2507 /* DogListModel.swift in Sources */,
				93782C312B832865003B41F0 /* CollectionViewCell.swift in Sources */,
				937291582B7F40DB001C2507 /* DogListViewController.swift in Sources */,
				937291542B7F40DB001C2507 /* AppDelegate.swift in Sources */,
				937291562B7F40DB001C2507 /* SceneDelegate.swift in Sources */,
				93CA8FBE2B873EF700256FEE /* WebViewController.swift in Sources */,
			);
			runOnlyForDeploymentPostprocessing = 0;
		};
/* End PBXSourcesBuildPhase section */

/* Begin PBXVariantGroup section */
		937291592B7F40DB001C2507 /* Main.storyboard */ = {
			isa = PBXVariantGroup;
			children = (
				9372915A2B7F40DB001C2507 /* Base */,
			);
			name = Main.storyboard;
			sourceTree = "<group>";
		};
		9372915E2B7F40DC001C2507 /* LaunchScreen.storyboard */ = {
			isa = PBXVariantGroup;
			children = (
				9372915F2B7F40DC001C2507 /* Base */,
			);
			name = LaunchScreen.storyboard;
			sourceTree = "<group>";
		};
/* End PBXVariantGroup section */

/* Begin XCBuildConfiguration section */
		937291622B7F40DC001C2507 /* Debug */ = {
			isa = XCBuildConfiguration;
			buildSettings = {
				ALWAYS_SEARCH_USER_PATHS = NO;
				CLANG_ANALYZER_NONNULL = YES;
				CLANG_ANALYZER_NUMBER_OBJECT_CONVERSION = YES_AGGRESSIVE;
				CLANG_CXX_LANGUAGE_STANDARD = "gnu++20";
				CLANG_ENABLE_MODULES = YES;
				CLANG_ENABLE_OBJC_ARC = YES;
				CLANG_ENABLE_OBJC_WEAK = YES;
				CLANG_WARN_BLOCK_CAPTURE_AUTORELEASING = YES;
				CLANG_WARN_BOOL_CONVERSION = YES;
				CLANG_WARN_COMMA = YES;
				CLANG_WARN_CONSTANT_CONVERSION = YES;
				CLANG_WARN_DEPRECATED_OBJC_IMPLEMENTATIONS = YES;
				CLANG_WARN_DIRECT_OBJC_ISA_USAGE = YES_ERROR;
				CLANG_WARN_DOCUMENTATION_COMMENTS = YES;
				CLANG_WARN_EMPTY_BODY = YES;
				CLANG_WARN_ENUM_CONVERSION = YES;
				CLANG_WARN_INFINITE_RECURSION = YES;
				CLANG_WARN_INT_CONVERSION = YES;
				CLANG_WARN_NON_LITERAL_NULL_CONVERSION = YES;
				CLANG_WARN_OBJC_IMPLICIT_RETAIN_SELF = YES;
				CLANG_WARN_OBJC_LITERAL_CONVERSION = YES;
				CLANG_WARN_OBJC_ROOT_CLASS = YES_ERROR;
				CLANG_WARN_QUOTED_INCLUDE_IN_FRAMEWORK_HEADER = YES;
				CLANG_WARN_RANGE_LOOP_ANALYSIS = YES;
				CLANG_WARN_STRICT_PROTOTYPES = YES;
				CLANG_WARN_SUSPICIOUS_MOVE = YES;
				CLANG_WARN_UNGUARDED_AVAILABILITY = YES_AGGRESSIVE;
				CLANG_WARN_UNREACHABLE_CODE = YES;
				CLANG_WARN__DUPLICATE_METHOD_MATCH = YES;
				COPY_PHASE_STRIP = NO;
				DEBUG_INFORMATION_FORMAT = dwarf;
				ENABLE_STRICT_OBJC_MSGSEND = YES;
				ENABLE_TESTABILITY = YES;
				GCC_C_LANGUAGE_STANDARD = gnu11;
				GCC_DYNAMIC_NO_PIC = NO;
				GCC_NO_COMMON_BLOCKS = YES;
				GCC_OPTIMIZATION_LEVEL = 0;
				GCC_PREPROCESSOR_DEFINITIONS = (
					"DEBUG=1",
					"$(inherited)",
				);
				GCC_WARN_64_TO_32_BIT_CONVERSION = YES;
				GCC_WARN_ABOUT_RETURN_TYPE = YES_ERROR;
				GCC_WARN_UNDECLARED_SELECTOR = YES;
				GCC_WARN_UNINITIALIZED_AUTOS = YES_AGGRESSIVE;
				GCC_WARN_UNUSED_FUNCTION = YES;
				GCC_WARN_UNUSED_VARIABLE = YES;
				IPHONEOS_DEPLOYMENT_TARGET = 16.4;
				MTL_ENABLE_DEBUG_INFO = INCLUDE_SOURCE;
				MTL_FAST_MATH = YES;
				ONLY_ACTIVE_ARCH = YES;
				SDKROOT = iphoneos;
				SWIFT_ACTIVE_COMPILATION_CONDITIONS = DEBUG;
				SWIFT_OPTIMIZATION_LEVEL = "-Onone";
			};
			name = Debug;
		};
		937291632B7F40DC001C2507 /* Release */ = {
			isa = XCBuildConfiguration;
			buildSettings = {
				ALWAYS_SEARCH_USER_PATHS = NO;
				CLANG_ANALYZER_NONNULL = YES;
				CLANG_ANALYZER_NUMBER_OBJECT_CONVERSION = YES_AGGRESSIVE;
				CLANG_CXX_LANGUAGE_STANDARD = "gnu++20";
				CLANG_ENABLE_MODULES = YES;
				CLANG_ENABLE_OBJC_ARC = YES;
				CLANG_ENABLE_OBJC_WEAK = YES;
				CLANG_WARN_BLOCK_CAPTURE_AUTORELEASING = YES;
				CLANG_WARN_BOOL_CONVERSION = YES;
				CLANG_WARN_COMMA = YES;
				CLANG_WARN_CONSTANT_CONVERSION = YES;
				CLANG_WARN_DEPRECATED_OBJC_IMPLEMENTATIONS = YES;
				CLANG_WARN_DIRECT_OBJC_ISA_USAGE = YES_ERROR;
				CLANG_WARN_DOCUMENTATION_COMMENTS = YES;
				CLANG_WARN_EMPTY_BODY = YES;
				CLANG_WARN_ENUM_CONVERSION = YES;
				CLANG_WARN_INFINITE_RECURSION = YES;
				CLANG_WARN_INT_CONVERSION = YES;
				CLANG_WARN_NON_LITERAL_NULL_CONVERSION = YES;
				CLANG_WARN_OBJC_IMPLICIT_RETAIN_SELF = YES;
				CLANG_WARN_OBJC_LITERAL_CONVERSION = YES;
				CLANG_WARN_OBJC_ROOT_CLASS = YES_ERROR;
				CLANG_WARN_QUOTED_INCLUDE_IN_FRAMEWORK_HEADER = YES;
				CLANG_WARN_RANGE_LOOP_ANALYSIS = YES;
				CLANG_WARN_STRICT_PROTOTYPES = YES;
				CLANG_WARN_SUSPICIOUS_MOVE = YES;
				CLANG_WARN_UNGUARDED_AVAILABILITY = YES_AGGRESSIVE;
				CLANG_WARN_UNREACHABLE_CODE = YES;
				CLANG_WARN__DUPLICATE_METHOD_MATCH = YES;
				COPY_PHASE_STRIP = NO;
				DEBUG_INFORMATION_FORMAT = "dwarf-with-dsym";
				ENABLE_NS_ASSERTIONS = NO;
				ENABLE_STRICT_OBJC_MSGSEND = YES;
				GCC_C_LANGUAGE_STANDARD = gnu11;
				GCC_NO_COMMON_BLOCKS = YES;
				GCC_WARN_64_TO_32_BIT_CONVERSION = YES;
				GCC_WARN_ABOUT_RETURN_TYPE = YES_ERROR;
				GCC_WARN_UNDECLARED_SELECTOR = YES;
				GCC_WARN_UNINITIALIZED_AUTOS = YES_AGGRESSIVE;
				GCC_WARN_UNUSED_FUNCTION = YES;
				GCC_WARN_UNUSED_VARIABLE = YES;
				IPHONEOS_DEPLOYMENT_TARGET = 16.4;
				MTL_ENABLE_DEBUG_INFO = NO;
				MTL_FAST_MATH = YES;
				SDKROOT = iphoneos;
				SWIFT_COMPILATION_MODE = wholemodule;
				SWIFT_OPTIMIZATION_LEVEL = "-O";
				VALIDATE_PRODUCT = YES;
			};
			name = Release;
		};
		937291652B7F40DC001C2507 /* Debug */ = {
			isa = XCBuildConfiguration;
			buildSettings = {
				ASSETCATALOG_COMPILER_APPICON_NAME = AppIcon;
				ASSETCATALOG_COMPILER_GLOBAL_ACCENT_COLOR_NAME = AccentColor;
				CODE_SIGN_STYLE = Automatic;
				CURRENT_PROJECT_VERSION = 1;
				DEVELOPMENT_TEAM = 5MU9H4WLWW;
				GENERATE_INFOPLIST_FILE = YES;
				INFOPLIST_FILE = Dog/Info.plist;
				INFOPLIST_KEY_UIApplicationSupportsIndirectInputEvents = YES;
				INFOPLIST_KEY_UILaunchStoryboardName = LaunchScreen.storyboard;
				INFOPLIST_KEY_UIMainStoryboardFile = Main;
				INFOPLIST_KEY_UISupportedInterfaceOrientations_iPad = "UIInterfaceOrientationPortrait UIInterfaceOrientationPortraitUpsideDown UIInterfaceOrientationLandscapeLeft UIInterfaceOrientationLandscapeRight";
				INFOPLIST_KEY_UISupportedInterfaceOrientations_iPhone = "UIInterfaceOrientationPortrait UIInterfaceOrientationLandscapeLeft UIInterfaceOrientationLandscapeRight";
				LD_RUNPATH_SEARCH_PATHS = (
					"$(inherited)",
					"@executable_path/Frameworks",
				);
				MARKETING_VERSION = 1.0;
				PRODUCT_BUNDLE_IDENTIFIER = jp.wings.apps.Dog;
				PRODUCT_NAME = "$(TARGET_NAME)";
				SWIFT_EMIT_LOC_STRINGS = YES;
				SWIFT_VERSION = 5.0;
				TARGETED_DEVICE_FAMILY = "1,2";
			};
			name = Debug;
		};
		937291662B7F40DC001C2507 /* Release */ = {
			isa = XCBuildConfiguration;
			buildSettings = {
				ASSETCATALOG_COMPILER_APPICON_NAME = AppIcon;
				ASSETCATALOG_COMPILER_GLOBAL_ACCENT_COLOR_NAME = AccentColor;
				CODE_SIGN_STYLE = Automatic;
				CURRENT_PROJECT_VERSION = 1;
				DEVELOPMENT_TEAM = 5MU9H4WLWW;
				GENERATE_INFOPLIST_FILE = YES;
				INFOPLIST_FILE = Dog/Info.plist;
				INFOPLIST_KEY_UIApplicationSupportsIndirectInputEvents = YES;
				INFOPLIST_KEY_UILaunchStoryboardName = LaunchScreen.storyboard;
				INFOPLIST_KEY_UIMainStoryboardFile = Main;
				INFOPLIST_KEY_UISupportedInterfaceOrientations_iPad = "UIInterfaceOrientationPortrait UIInterfaceOrientationPortraitUpsideDown UIInterfaceOrientationLandscapeLeft UIInterfaceOrientationLandscapeRight";
				INFOPLIST_KEY_UISupportedInterfaceOrientations_iPhone = "UIInterfaceOrientationPortrait UIInterfaceOrientationLandscapeLeft UIInterfaceOrientationLandscapeRight";
				LD_RUNPATH_SEARCH_PATHS = (
					"$(inherited)",
					"@executable_path/Frameworks",
				);
				MARKETING_VERSION = 1.0;
				PRODUCT_BUNDLE_IDENTIFIER = jp.wings.apps.Dog;
				PRODUCT_NAME = "$(TARGET_NAME)";
				SWIFT_EMIT_LOC_STRINGS = YES;
				SWIFT_VERSION = 5.0;
				TARGETED_DEVICE_FAMILY = "1,2";
			};
			name = Release;
		};
/* End XCBuildConfiguration section */

/* Begin XCConfigurationList section */
		9372914B2B7F40DB001C2507 /* Build configuration list for PBXProject "Dog" */ = {
			isa = XCConfigurationList;
			buildConfigurations = (
				937291622B7F40DC001C2507 /* Debug */,
				937291632B7F40DC001C2507 /* Release */,
			);
			defaultConfigurationIsVisible = 0;
			defaultConfigurationName = Release;
		};
		937291642B7F40DC001C2507 /* Build configuration list for PBXNativeTarget "Dog" */ = {
			isa = XCConfigurationList;
			buildConfigurations = (
				937291652B7F40DC001C2507 /* Debug */,
				937291662B7F40DC001C2507 /* Release */,
			);
			defaultConfigurationIsVisible = 0;
			defaultConfigurationName = Release;
		};
/* End XCConfigurationList section */

/* Begin XCRemoteSwiftPackageReference section */
		937291672B7F4124001C2507 /* XCRemoteSwiftPackageReference "AlamofireImage" */ = {
			isa = XCRemoteSwiftPackageReference;
			repositoryURL = "https://github.com/Alamofire/AlamofireImage";
			requirement = {
				kind = exactVersion;
				version = 4.3.0;
			};
		};
/* End XCRemoteSwiftPackageReference section */

/* Begin XCSwiftPackageProductDependency section */
		937291682B7F4124001C2507 /* AlamofireImage */ = {
			isa = XCSwiftPackageProductDependency;
			package = 937291672B7F4124001C2507 /* XCRemoteSwiftPackageReference "AlamofireImage" */;
			productName = AlamofireImage;
		};
/* End XCSwiftPackageProductDependency section */
	};
	rootObject = 937291482B7F40DB001C2507 /* Project object */;
}
